
Microsoft Visual Studio Solution File, Format Version 12.00
# Visual Studio 15
VisualStudioVersion = 15.0.28307.421
MinimumVisualStudioVersion = 10.0.40219.1
Project("{8BC9CEB8-8B4A-11D0-8D11-00A0C91BC942}") = "DialogueSystem", "DialogueSystem\DialogueSystem.vcxproj", "{FDCA1811-77DC-40C8-949D-FFCBA037FABE}"
EndProject
Global
	GlobalSection(SolutionConfigurationPlatforms) = preSolution
		Debug|x64 = Debug|x64
		Release|x64 = Release|x64
	EndGlobalSection
	GlobalSection(ProjectConfigurationPlatforms) = postSolution
		{FDCA1811-77DC-40C8-949D-FFCBA037FABE}.Debug|x64.ActiveCfg = Debug|x64
		{FDCA1811-77DC-40C8-949D-FFCBA037FABE}.Debug|x64.Build.0 = Debug|x64
		{FDCA1811-77DC-40C8-949D-FFCBA037FABE}.Release|x64.ActiveCfg = Debug|x64
		{FDCA1811-77DC-40C8-949D-FFCBA037FABE}.Release|x64.Build.0 = Debug|x64
	EndGlobalSection
	GlobalSection(SolutionProperties) = preSolution
		HideSolutionNode = FALSE
	EndGlobalSection
	GlobalSection(ExtensibilityGlobals) = postSolution
		SolutionGuid = {4EDADA9F-0153-4B2C-A243-013F929CFF2F}
	EndGlobalSection
EndGlobal
